
Microsoft Visual Studio Solution File, Format Version 12.00
# Visual Studio Version 17
VisualStudioVersion = 17.7.34031.279
MinimumVisualStudioVersion = 10.0.40219.1
Project("{6989167D-11E4-40FE-8C1A-2192A86A7E90}") = "IFSolver", "IFSolver.vfproj", "{F0E3B5A5-F4A3-4234-B2A0-5E57C8CD72A3}"
EndProject
Project("{6989167D-11E4-40FE-8C1A-2192A86A7E90}") = "GmshToSolver", "gmsh2solver\GmshToSolver.vfproj", "{A82F6117-A05E-4379-9357-ACC475182740}"
EndProject
Project("{6989167D-11E4-40FE-8C1A-2192A86A7E90}") = "2DMeshGen", "FEMGRID\2DMeshGen\2DMeshGen.vfproj", "{FD86AC44-C0A3-491F-ACE5-AFB081E29C33}"
	ProjectSection(ProjectDependencies) = postProject
		{BE5BAA27-230F-4916-BE01-C8D51F207927} = {BE5BAA27-230F-4916-BE01-C8D51F207927}
		{F64C5376-1152-4445-A325-C4C1FF3263FE} = {F64C5376-1152-4445-A325-C4C1FF3263FE}
	EndProjectSection
EndProject
Project("{6989167D-11E4-40FE-8C1A-2192A86A7E90}") = "LBM-DEM", "..\LBM-DEM\LBM-DEM.vfproj", "{0C51C9DA-7FAB-4BA6-A963-220DDA1BB309}"
EndProject
Project("{6989167D-11E4-40FE-8C1A-2192A86A7E90}") = "pyplot", "..\pyplot\pyplot.vfproj", "{6ADBEDE6-AC61-4ECE-88B2-1119E7D41AE4}"
EndProject
Project("{8BC9CEB8-8B4A-11D0-8D11-00A0C91BC942}") = "triangle", "lib\triangle\triangle.vcxproj", "{F64C5376-1152-4445-A325-C4C1FF3263FE}"
EndProject
Project("{8BC9CEB8-8B4A-11D0-8D11-00A0C91BC942}") = "tetgen", "..\tetgen\tetgen.vcxproj", "{BE5BAA27-230F-4916-BE01-C8D51F207927}"
EndProject
Project("{6989167D-11E4-40FE-8C1A-2192A86A7E90}") = "cpd_dem", "..\cpd_dem\cpd_dem.vfproj", "{2E7D5144-2822-4EB0-9F38-1A3750802344}"
EndProject
Project("{6989167D-11E4-40FE-8C1A-2192A86A7E90}") = "TryArray", "..\..\TryArray\TryArray.vfproj", "{EC94330D-D137-4AB6-9484-DD93C77F9EDB}"
EndProject
Project("{8BC9CEB8-8B4A-11D0-8D11-00A0C91BC942}") = "libdistmesh", "..\..\..\github\libdistmesh\libdistmesh\libdistmesh.vcxproj", "{105F584A-05CD-481E-B85C-33B0E7C00BE8}"
EndProject
Project("{8BC9CEB8-8B4A-11D0-8D11-00A0C91BC942}") = "distmesh", "..\distmesh\distmesh.vcxproj", "{EE186765-8B2E-4259-A8F3-0E7A84AF4A4A}"
	ProjectSection(ProjectDependencies) = postProject
		{105F584A-05CD-481E-B85C-33B0E7C00BE8} = {105F584A-05CD-481E-B85C-33B0E7C00BE8}
	EndProjectSection
EndProject
Global
	GlobalSection(SolutionConfigurationPlatforms) = preSolution
		Debug|Mixed Platforms = Debug|Mixed Platforms
		Debug|Win32 = Debug|Win32
		Debug|x64 = Debug|x64
		Debug|x86 = Debug|x86
		MinSizeRel|Mixed Platforms = MinSizeRel|Mixed Platforms
		MinSizeRel|Win32 = MinSizeRel|Win32
		MinSizeRel|x64 = MinSizeRel|x64
		MinSizeRel|x86 = MinSizeRel|x86
		Re|Mixed Platforms = Re|Mixed Platforms
		Re|Win32 = Re|Win32
		Re|x64 = Re|x64
		Re|x86 = Re|x86
		Release|Mixed Platforms = Release|Mixed Platforms
		Release|Win32 = Release|Win32
		Release|x64 = Release|x64
		Release|x86 = Release|x86
		RelWithDebInfo|Mixed Platforms = RelWithDebInfo|Mixed Platforms
		RelWithDebInfo|Win32 = RelWithDebInfo|Win32
		RelWithDebInfo|x64 = RelWithDebInfo|x64
		RelWithDebInfo|x86 = RelWithDebInfo|x86
	EndGlobalSection
	GlobalSection(ProjectConfigurationPlatforms) = postSolution
		{F0E3B5A5-F4A3-4234-B2A0-5E57C8CD72A3}.Debug|Mixed Platforms.ActiveCfg = Debug|x64
		{F0E3B5A5-F4A3-4234-B2A0-5E57C8CD72A3}.Debug|Mixed Platforms.Build.0 = Debug|x64
		{F0E3B5A5-F4A3-4234-B2A0-5E57C8CD72A3}.Debug|Win32.ActiveCfg = Debug|Win32
		{F0E3B5A5-F4A3-4234-B2A0-5E57C8CD72A3}.Debug|Win32.Build.0 = Debug|Win32
		{F0E3B5A5-F4A3-4234-B2A0-5E57C8CD72A3}.Debug|x64.ActiveCfg = Debug|x64
		{F0E3B5A5-F4A3-4234-B2A0-5E57C8CD72A3}.Debug|x64.Build.0 = Debug|x64
		{F0E3B5A5-F4A3-4234-B2A0-5E57C8CD72A3}.Debug|x86.ActiveCfg = Debug|x64
		{F0E3B5A5-F4A3-4234-B2A0-5E57C8CD72A3}.Debug|x86.Build.0 = Debug|x64
		{F0E3B5A5-F4A3-4234-B2A0-5E57C8CD72A3}.MinSizeRel|Mixed Platforms.ActiveCfg = Debug|Win32
		{F0E3B5A5-F4A3-4234-B2A0-5E57C8CD72A3}.MinSizeRel|Mixed Platforms.Build.0 = Debug|Win32
		{F0E3B5A5-F4A3-4234-B2A0-5E57C8CD72A3}.MinSizeRel|Win32.ActiveCfg = Debug|Win32
		{F0E3B5A5-F4A3-4234-B2A0-5E57C8CD72A3}.MinSizeRel|Win32.Build.0 = Debug|Win32
		{F0E3B5A5-F4A3-4234-B2A0-5E57C8CD72A3}.MinSizeRel|x64.ActiveCfg = Debug|x64
		{F0E3B5A5-F4A3-4234-B2A0-5E57C8CD72A3}.MinSizeRel|x64.Build.0 = Debug|x64
		{F0E3B5A5-F4A3-4234-B2A0-5E57C8CD72A3}.MinSizeRel|x86.ActiveCfg = Debug|Win32
		{F0E3B5A5-F4A3-4234-B2A0-5E57C8CD72A3}.MinSizeRel|x86.Build.0 = Debug|Win32
		{F0E3B5A5-F4A3-4234-B2A0-5E57C8CD72A3}.Re|Mixed Platforms.ActiveCfg = Release|x64
		{F0E3B5A5-F4A3-4234-B2A0-5E57C8CD72A3}.Re|Mixed Platforms.Build.0 = Release|x64
		{F0E3B5A5-F4A3-4234-B2A0-5E57C8CD72A3}.Re|Win32.ActiveCfg = Debug|Win32
		{F0E3B5A5-F4A3-4234-B2A0-5E57C8CD72A3}.Re|Win32.Build.0 = Debug|Win32
		{F0E3B5A5-F4A3-4234-B2A0-5E57C8CD72A3}.Re|x64.ActiveCfg = Release|x64
		{F0E3B5A5-F4A3-4234-B2A0-5E57C8CD72A3}.Re|x64.Build.0 = Release|x64
		{F0E3B5A5-F4A3-4234-B2A0-5E57C8CD72A3}.Re|x86.ActiveCfg = Debug|Win32
		{F0E3B5A5-F4A3-4234-B2A0-5E57C8CD72A3}.Re|x86.Build.0 = Debug|Win32
		{F0E3B5A5-F4A3-4234-B2A0-5E57C8CD72A3}.Release|Mixed Platforms.ActiveCfg = Debug|x64
		{F0E3B5A5-F4A3-4234-B2A0-5E57C8CD72A3}.Release|Mixed Platforms.Build.0 = Debug|x64
		{F0E3B5A5-F4A3-4234-B2A0-5E57C8CD72A3}.Release|Win32.ActiveCfg = Debug|Win32
		{F0E3B5A5-F4A3-4234-B2A0-5E57C8CD72A3}.Release|Win32.Build.0 = Debug|Win32
		{F0E3B5A5-F4A3-4234-B2A0-5E57C8CD72A3}.Release|x64.ActiveCfg = Release|x64
		{F0E3B5A5-F4A3-4234-B2A0-5E57C8CD72A3}.Release|x64.Build.0 = Release|x64
		{F0E3B5A5-F4A3-4234-B2A0-5E57C8CD72A3}.Release|x86.ActiveCfg = Debug|Win32
		{F0E3B5A5-F4A3-4234-B2A0-5E57C8CD72A3}.Release|x86.Build.0 = Debug|Win32
		{F0E3B5A5-F4A3-4234-B2A0-5E57C8CD72A3}.RelWithDebInfo|Mixed Platforms.ActiveCfg = Debug|Win32
		{F0E3B5A5-F4A3-4234-B2A0-5E57C8CD72A3}.RelWithDebInfo|Mixed Platforms.Build.0 = Debug|Win32
		{F0E3B5A5-F4A3-4234-B2A0-5E57C8CD72A3}.RelWithDebInfo|Win32.ActiveCfg = Debug|Win32
		{F0E3B5A5-F4A3-4234-B2A0-5E57C8CD72A3}.RelWithDebInfo|Win32.Build.0 = Debug|Win32
		{F0E3B5A5-F4A3-4234-B2A0-5E57C8CD72A3}.RelWithDebInfo|x64.ActiveCfg = Debug|x64
		{F0E3B5A5-F4A3-4234-B2A0-5E57C8CD72A3}.RelWithDebInfo|x64.Build.0 = Debug|x64
		{F0E3B5A5-F4A3-4234-B2A0-5E57C8CD72A3}.RelWithDebInfo|x86.ActiveCfg = Debug|Win32
		{F0E3B5A5-F4A3-4234-B2A0-5E57C8CD72A3}.RelWithDebInfo|x86.Build.0 = Debug|Win32
		{A82F6117-A05E-4379-9357-ACC475182740}.Debug|Mixed Platforms.ActiveCfg = Debug|x64
		{A82F6117-A05E-4379-9357-ACC475182740}.Debug|Mixed Platforms.Build.0 = Debug|x64
		{A82F6117-A05E-4379-9357-ACC475182740}.Debug|Win32.ActiveCfg = Debug|Win32
		{A82F6117-A05E-4379-9357-ACC475182740}.Debug|Win32.Build.0 = Debug|Win32
		{A82F6117-A05E-4379-9357-ACC475182740}.Debug|x64.ActiveCfg = Debug|x64
		{A82F6117-A05E-4379-9357-ACC475182740}.Debug|x64.Build.0 = Debug|x64
		{A82F6117-A05E-4379-9357-ACC475182740}.Debug|x86.ActiveCfg = Debug|x64
		{A82F6117-A05E-4379-9357-ACC475182740}.Debug|x86.Build.0 = Debug|x64
		{A82F6117-A05E-4379-9357-ACC475182740}.MinSizeRel|Mixed Platforms.ActiveCfg = Release|Win32
		{A82F6117-A05E-4379-9357-ACC475182740}.MinSizeRel|Mixed Platforms.Build.0 = Release|Win32
		{A82F6117-A05E-4379-9357-ACC475182740}.MinSizeRel|Win32.ActiveCfg = Release|Win32
		{A82F6117-A05E-4379-9357-ACC475182740}.MinSizeRel|Win32.Build.0 = Release|Win32
		{A82F6117-A05E-4379-9357-ACC475182740}.MinSizeRel|x64.ActiveCfg = Release|x64
		{A82F6117-A05E-4379-9357-ACC475182740}.MinSizeRel|x64.Build.0 = Release|x64
		{A82F6117-A05E-4379-9357-ACC475182740}.MinSizeRel|x86.ActiveCfg = Release|Win32
		{A82F6117-A05E-4379-9357-ACC475182740}.MinSizeRel|x86.Build.0 = Release|Win32
		{A82F6117-A05E-4379-9357-ACC475182740}.Re|Mixed Platforms.ActiveCfg = Release|Win32
		{A82F6117-A05E-4379-9357-ACC475182740}.Re|Mixed Platforms.Build.0 = Release|Win32
		{A82F6117-A05E-4379-9357-ACC475182740}.Re|Win32.ActiveCfg = Release|Win32
		{A82F6117-A05E-4379-9357-ACC475182740}.Re|Win32.Build.0 = Release|Win32
		{A82F6117-A05E-4379-9357-ACC475182740}.Re|x64.ActiveCfg = Release|x64
		{A82F6117-A05E-4379-9357-ACC475182740}.Re|x64.Build.0 = Release|x64
		{A82F6117-A05E-4379-9357-ACC475182740}.Re|x86.ActiveCfg = Release|Win32
		{A82F6117-A05E-4379-9357-ACC475182740}.Re|x86.Build.0 = Release|Win32
		{A82F6117-A05E-4379-9357-ACC475182740}.Release|Mixed Platforms.ActiveCfg = Release|x64
		{A82F6117-A05E-4379-9357-ACC475182740}.Release|Mixed Platforms.Build.0 = Release|x64
		{A82F6117-A05E-4379-9357-ACC475182740}.Release|Win32.ActiveCfg = Release|Win32
		{A82F6117-A05E-4379-9357-ACC475182740}.Release|Win32.Build.0 = Release|Win32
		{A82F6117-A05E-4379-9357-ACC475182740}.Release|x64.ActiveCfg = Release|x64
		{A82F6117-A05E-4379-9357-ACC475182740}.Release|x64.Build.0 = Release|x64
		{A82F6117-A05E-4379-9357-ACC475182740}.Release|x86.ActiveCfg = Release|x64
		{A82F6117-A05E-4379-9357-ACC475182740}.Release|x86.Build.0 = Release|x64
		{A82F6117-A05E-4379-9357-ACC475182740}.RelWithDebInfo|Mixed Platforms.ActiveCfg = Release|Win32
		{A82F6117-A05E-4379-9357-ACC475182740}.RelWithDebInfo|Mixed Platforms.Build.0 = Release|Win32
		{A82F6117-A05E-4379-9357-ACC475182740}.RelWithDebInfo|Win32.ActiveCfg = Release|Win32
		{A82F6117-A05E-4379-9357-ACC475182740}.RelWithDebInfo|Win32.Build.0 = Release|Win32
		{A82F6117-A05E-4379-9357-ACC475182740}.RelWithDebInfo|x64.ActiveCfg = Release|x64
		{A82F6117-A05E-4379-9357-ACC475182740}.RelWithDebInfo|x64.Build.0 = Release|x64
		{A82F6117-A05E-4379-9357-ACC475182740}.RelWithDebInfo|x86.ActiveCfg = Release|Win32
		{A82F6117-A05E-4379-9357-ACC475182740}.RelWithDebInfo|x86.Build.0 = Release|Win32
		{FD86AC44-C0A3-491F-ACE5-AFB081E29C33}.Debug|Mixed Platforms.ActiveCfg = Debug|x64
		{FD86AC44-C0A3-491F-ACE5-AFB081E29C33}.Debug|Mixed Platforms.Build.0 = Debug|x64
		{FD86AC44-C0A3-491F-ACE5-AFB081E29C33}.Debug|Win32.ActiveCfg = Debug|Win32
		{FD86AC44-C0A3-491F-ACE5-AFB081E29C33}.Debug|Win32.Build.0 = Debug|Win32
		{FD86AC44-C0A3-491F-ACE5-AFB081E29C33}.Debug|x64.ActiveCfg = Debug|x64
		{FD86AC44-C0A3-491F-ACE5-AFB081E29C33}.Debug|x64.Build.0 = Debug|x64
		{FD86AC44-C0A3-491F-ACE5-AFB081E29C33}.Debug|x86.ActiveCfg = Debug|Win32
		{FD86AC44-C0A3-491F-ACE5-AFB081E29C33}.Debug|x86.Build.0 = Debug|Win32
		{FD86AC44-C0A3-491F-ACE5-AFB081E29C33}.MinSizeRel|Mixed Platforms.ActiveCfg = Release|Win32
		{FD86AC44-C0A3-491F-ACE5-AFB081E29C33}.MinSizeRel|Mixed Platforms.Build.0 = Release|Win32
		{FD86AC44-C0A3-491F-ACE5-AFB081E29C33}.MinSizeRel|Win32.ActiveCfg = Release|Win32
		{FD86AC44-C0A3-491F-ACE5-AFB081E29C33}.MinSizeRel|Win32.Build.0 = Release|Win32
		{FD86AC44-C0A3-491F-ACE5-AFB081E29C33}.MinSizeRel|x64.ActiveCfg = Release|x64
		{FD86AC44-C0A3-491F-ACE5-AFB081E29C33}.MinSizeRel|x64.Build.0 = Release|x64
		{FD86AC44-C0A3-491F-ACE5-AFB081E29C33}.MinSizeRel|x86.ActiveCfg = Release|Win32
		{FD86AC44-C0A3-491F-ACE5-AFB081E29C33}.MinSizeRel|x86.Build.0 = Release|Win32
		{FD86AC44-C0A3-491F-ACE5-AFB081E29C33}.Re|Mixed Platforms.ActiveCfg = Release|Win32
		{FD86AC44-C0A3-491F-ACE5-AFB081E29C33}.Re|Mixed Platforms.Build.0 = Release|Win32
		{FD86AC44-C0A3-491F-ACE5-AFB081E29C33}.Re|Win32.ActiveCfg = Release|Win32
		{FD86AC44-C0A3-491F-ACE5-AFB081E29C33}.Re|Win32.Build.0 = Release|Win32
		{FD86AC44-C0A3-491F-ACE5-AFB081E29C33}.Re|x64.ActiveCfg = Release|x64
		{FD86AC44-C0A3-491F-ACE5-AFB081E29C33}.Re|x64.Build.0 = Release|x64
		{FD86AC44-C0A3-491F-ACE5-AFB081E29C33}.Re|x86.ActiveCfg = Release|Win32
		{FD86AC44-C0A3-491F-ACE5-AFB081E29C33}.Re|x86.Build.0 = Release|Win32
		{FD86AC44-C0A3-491F-ACE5-AFB081E29C33}.Release|Mixed Platforms.ActiveCfg = Release|x64
		{FD86AC44-C0A3-491F-ACE5-AFB081E29C33}.Release|Mixed Platforms.Build.0 = Release|x64
		{FD86AC44-C0A3-491F-ACE5-AFB081E29C33}.Release|Win32.ActiveCfg = Release|Win32
		{FD86AC44-C0A3-491F-ACE5-AFB081E29C33}.Release|Win32.Build.0 = Release|Win32
		{FD86AC44-C0A3-491F-ACE5-AFB081E29C33}.Release|x64.ActiveCfg = Release|x64
		{FD86AC44-C0A3-491F-ACE5-AFB081E29C33}.Release|x64.Build.0 = Release|x64
		{FD86AC44-C0A3-491F-ACE5-AFB081E29C33}.Release|x86.ActiveCfg = Release|Win32
		{FD86AC44-C0A3-491F-ACE5-AFB081E29C33}.Release|x86.Build.0 = Release|Win32
		{FD86AC44-C0A3-491F-ACE5-AFB081E29C33}.RelWithDebInfo|Mixed Platforms.ActiveCfg = Release|Win32
		{FD86AC44-C0A3-491F-ACE5-AFB081E29C33}.RelWithDebInfo|Mixed Platforms.Build.0 = Release|Win32
		{FD86AC44-C0A3-491F-ACE5-AFB081E29C33}.RelWithDebInfo|Win32.ActiveCfg = Release|Win32
		{FD86AC44-C0A3-491F-ACE5-AFB081E29C33}.RelWithDebInfo|Win32.Build.0 = Release|Win32
		{FD86AC44-C0A3-491F-ACE5-AFB081E29C33}.RelWithDebInfo|x64.ActiveCfg = Release|x64
		{FD86AC44-C0A3-491F-ACE5-AFB081E29C33}.RelWithDebInfo|x64.Build.0 = Release|x64
		{FD86AC44-C0A3-491F-ACE5-AFB081E29C33}.RelWithDebInfo|x86.ActiveCfg = Release|Win32
		{FD86AC44-C0A3-491F-ACE5-AFB081E29C33}.RelWithDebInfo|x86.Build.0 = Release|Win32
		{0C51C9DA-7FAB-4BA6-A963-220DDA1BB309}.Debug|Mixed Platforms.ActiveCfg = Debug|Win32
		{0C51C9DA-7FAB-4BA6-A963-220DDA1BB309}.Debug|Mixed Platforms.Build.0 = Debug|Win32
		{0C51C9DA-7FAB-4BA6-A963-220DDA1BB309}.Debug|Win32.ActiveCfg = Debug|Win32
		{0C51C9DA-7FAB-4BA6-A963-220DDA1BB309}.Debug|Win32.Build.0 = Debug|Win32
		{0C51C9DA-7FAB-4BA6-A963-220DDA1BB309}.Debug|x64.ActiveCfg = Debug|Win32
		{0C51C9DA-7FAB-4BA6-A963-220DDA1BB309}.Debug|x86.ActiveCfg = Debug|Win32
		{0C51C9DA-7FAB-4BA6-A963-220DDA1BB309}.Debug|x86.Build.0 = Debug|Win32
		{0C51C9DA-7FAB-4BA6-A963-220DDA1BB309}.MinSizeRel|Mixed Platforms.ActiveCfg = Release|Win32
		{0C51C9DA-7FAB-4BA6-A963-220DDA1BB309}.MinSizeRel|Mixed Platforms.Build.0 = Release|Win32
		{0C51C9DA-7FAB-4BA6-A963-220DDA1BB309}.MinSizeRel|Win32.ActiveCfg = Release|Win32
		{0C51C9DA-7FAB-4BA6-A963-220DDA1BB309}.MinSizeRel|Win32.Build.0 = Release|Win32
		{0C51C9DA-7FAB-4BA6-A963-220DDA1BB309}.MinSizeRel|x64.ActiveCfg = Release|Win32
		{0C51C9DA-7FAB-4BA6-A963-220DDA1BB309}.MinSizeRel|x86.ActiveCfg = Release|Win32
		{0C51C9DA-7FAB-4BA6-A963-220DDA1BB309}.MinSizeRel|x86.Build.0 = Release|Win32
		{0C51C9DA-7FAB-4BA6-A963-220DDA1BB309}.Re|Mixed Platforms.ActiveCfg = Release|Win32
		{0C51C9DA-7FAB-4BA6-A963-220DDA1BB309}.Re|Mixed Platforms.Build.0 = Release|Win32
		{0C51C9DA-7FAB-4BA6-A963-220DDA1BB309}.Re|Win32.ActiveCfg = Release|Win32
		{0C51C9DA-7FAB-4BA6-A963-220DDA1BB309}.Re|Win32.Build.0 = Release|Win32
		{0C51C9DA-7FAB-4BA6-A963-220DDA1BB309}.Re|x64.ActiveCfg = Release|Win32
		{0C51C9DA-7FAB-4BA6-A963-220DDA1BB309}.Re|x86.ActiveCfg = Release|Win32
		{0C51C9DA-7FAB-4BA6-A963-220DDA1BB309}.Re|x86.Build.0 = Release|Win32
		{0C51C9DA-7FAB-4BA6-A963-220DDA1BB309}.Release|Mixed Platforms.ActiveCfg = Release|Win32
		{0C51C9DA-7FAB-4BA6-A963-220DDA1BB309}.Release|Mixed Platforms.Build.0 = Release|Win32
		{0C51C9DA-7FAB-4BA6-A963-220DDA1BB309}.Release|Win32.ActiveCfg = Release|Win32
		{0C51C9DA-7FAB-4BA6-A963-220DDA1BB309}.Release|Win32.Build.0 = Release|Win32
		{0C51C9DA-7FAB-4BA6-A963-220DDA1BB309}.Release|x64.ActiveCfg = Release|Win32
		{0C51C9DA-7FAB-4BA6-A963-220DDA1BB309}.Release|x86.ActiveCfg = Release|Win32
		{0C51C9DA-7FAB-4BA6-A963-220DDA1BB309}.Release|x86.Build.0 = Release|Win32
		{0C51C9DA-7FAB-4BA6-A963-220DDA1BB309}.RelWithDebInfo|Mixed Platforms.ActiveCfg = Release|Win32
		{0C51C9DA-7FAB-4BA6-A963-220DDA1BB309}.RelWithDebInfo|Mixed Platforms.Build.0 = Release|Win32
		{0C51C9DA-7FAB-4BA6-A963-220DDA1BB309}.RelWithDebInfo|Win32.ActiveCfg = Release|Win32
		{0C51C9DA-7FAB-4BA6-A963-220DDA1BB309}.RelWithDebInfo|Win32.Build.0 = Release|Win32
		{0C51C9DA-7FAB-4BA6-A963-220DDA1BB309}.RelWithDebInfo|x64.ActiveCfg = Release|Win32
		{0C51C9DA-7FAB-4BA6-A963-220DDA1BB309}.RelWithDebInfo|x86.ActiveCfg = Release|Win32
		{0C51C9DA-7FAB-4BA6-A963-220DDA1BB309}.RelWithDebInfo|x86.Build.0 = Release|Win32
		{6ADBEDE6-AC61-4ECE-88B2-1119E7D41AE4}.Debug|Mixed Platforms.ActiveCfg = Debug|Win32
		{6ADBEDE6-AC61-4ECE-88B2-1119E7D41AE4}.Debug|Mixed Platforms.Build.0 = Debug|Win32
		{6ADBEDE6-AC61-4ECE-88B2-1119E7D41AE4}.Debug|Win32.ActiveCfg = Debug|Win32
		{6ADBEDE6-AC61-4ECE-88B2-1119E7D41AE4}.Debug|Win32.Build.0 = Debug|Win32
		{6ADBEDE6-AC61-4ECE-88B2-1119E7D41AE4}.Debug|x64.ActiveCfg = Debug|Win32
		{6ADBEDE6-AC61-4ECE-88B2-1119E7D41AE4}.Debug|x86.ActiveCfg = Debug|Win32
		{6ADBEDE6-AC61-4ECE-88B2-1119E7D41AE4}.Debug|x86.Build.0 = Debug|Win32
		{6ADBEDE6-AC61-4ECE-88B2-1119E7D41AE4}.MinSizeRel|Mixed Platforms.ActiveCfg = Release|Win32
		{6ADBEDE6-AC61-4ECE-88B2-1119E7D41AE4}.MinSizeRel|Mixed Platforms.Build.0 = Release|Win32
		{6ADBEDE6-AC61-4ECE-88B2-1119E7D41AE4}.MinSizeRel|Win32.ActiveCfg = Release|Win32
		{6ADBEDE6-AC61-4ECE-88B2-1119E7D41AE4}.MinSizeRel|Win32.Build.0 = Release|Win32
		{6ADBEDE6-AC61-4ECE-88B2-1119E7D41AE4}.MinSizeRel|x64.ActiveCfg = Release|Win32
		{6ADBEDE6-AC61-4ECE-88B2-1119E7D41AE4}.MinSizeRel|x86.ActiveCfg = Release|Win32
		{6ADBEDE6-AC61-4ECE-88B2-1119E7D41AE4}.MinSizeRel|x86.Build.0 = Release|Win32
		{6ADBEDE6-AC61-4ECE-88B2-1119E7D41AE4}.Re|Mixed Platforms.ActiveCfg = Release|Win32
		{6ADBEDE6-AC61-4ECE-88B2-1119E7D41AE4}.Re|Mixed Platforms.Build.0 = Release|Win32
		{6ADBEDE6-AC61-4ECE-88B2-1119E7D41AE4}.Re|Win32.ActiveCfg = Release|Win32
		{6ADBEDE6-AC61-4ECE-88B2-1119E7D41AE4}.Re|Win32.Build.0 = Release|Win32
		{6ADBEDE6-AC61-4ECE-88B2-1119E7D41AE4}.Re|x64.ActiveCfg = Release|Win32
		{6ADBEDE6-AC61-4ECE-88B2-1119E7D41AE4}.Re|x86.ActiveCfg = Release|Win32
		{6ADBEDE6-AC61-4ECE-88B2-1119E7D41AE4}.Re|x86.Build.0 = Release|Win32
		{6ADBEDE6-AC61-4ECE-88B2-1119E7D41AE4}.Release|Mixed Platforms.ActiveCfg = Release|Win32
		{6ADBEDE6-AC61-4ECE-88B2-1119E7D41AE4}.Release|Mixed Platforms.Build.0 = Release|Win32
		{6ADBEDE6-AC61-4ECE-88B2-1119E7D41AE4}.Release|Win32.ActiveCfg = Release|Win32
		{6ADBEDE6-AC61-4ECE-88B2-1119E7D41AE4}.Release|Win32.Build.0 = Release|Win32
		{6ADBEDE6-AC61-4ECE-88B2-1119E7D41AE4}.Release|x64.ActiveCfg = Release|Win32
		{6ADBEDE6-AC61-4ECE-88B2-1119E7D41AE4}.Release|x86.ActiveCfg = Release|Win32
		{6ADBEDE6-AC61-4ECE-88B2-1119E7D41AE4}.Release|x86.Build.0 = Release|Win32
		{6ADBEDE6-AC61-4ECE-88B2-1119E7D41AE4}.RelWithDebInfo|Mixed Platforms.ActiveCfg = Release|Win32
		{6ADBEDE6-AC61-4ECE-88B2-1119E7D41AE4}.RelWithDebInfo|Mixed Platforms.Build.0 = Release|Win32
		{6ADBEDE6-AC61-4ECE-88B2-1119E7D41AE4}.RelWithDebInfo|Win32.ActiveCfg = Release|Win32
		{6ADBEDE6-AC61-4ECE-88B2-1119E7D41AE4}.RelWithDebInfo|Win32.Build.0 = Release|Win32
		{6ADBEDE6-AC61-4ECE-88B2-1119E7D41AE4}.RelWithDebInfo|x64.ActiveCfg = Release|Win32
		{6ADBEDE6-AC61-4ECE-88B2-1119E7D41AE4}.RelWithDebInfo|x86.ActiveCfg = Release|Win32
		{6ADBEDE6-AC61-4ECE-88B2-1119E7D41AE4}.RelWithDebInfo|x86.Build.0 = Release|Win32
		{F64C5376-1152-4445-A325-C4C1FF3263FE}.Debug|Mixed Platforms.ActiveCfg = Debug|Win32
		{F64C5376-1152-4445-A325-C4C1FF3263FE}.Debug|Mixed Platforms.Build.0 = Debug|Win32
		{F64C5376-1152-4445-A325-C4C1FF3263FE}.Debug|Win32.ActiveCfg = Debug|Win32
		{F64C5376-1152-4445-A325-C4C1FF3263FE}.Debug|Win32.Build.0 = Debug|Win32
		{F64C5376-1152-4445-A325-C4C1FF3263FE}.Debug|x64.ActiveCfg = Debug|x64
		{F64C5376-1152-4445-A325-C4C1FF3263FE}.Debug|x86.ActiveCfg = Debug|Win32
		{F64C5376-1152-4445-A325-C4C1FF3263FE}.Debug|x86.Build.0 = Debug|Win32
		{F64C5376-1152-4445-A325-C4C1FF3263FE}.MinSizeRel|Mixed Platforms.ActiveCfg = Release|Win32
		{F64C5376-1152-4445-A325-C4C1FF3263FE}.MinSizeRel|Mixed Platforms.Build.0 = Release|Win32
		{F64C5376-1152-4445-A325-C4C1FF3263FE}.MinSizeRel|Win32.ActiveCfg = Release|Win32
		{F64C5376-1152-4445-A325-C4C1FF3263FE}.MinSizeRel|Win32.Build.0 = Release|Win32
		{F64C5376-1152-4445-A325-C4C1FF3263FE}.MinSizeRel|x64.ActiveCfg = Release|Win32
		{F64C5376-1152-4445-A325-C4C1FF3263FE}.MinSizeRel|x86.ActiveCfg = Release|Win32
		{F64C5376-1152-4445-A325-C4C1FF3263FE}.MinSizeRel|x86.Build.0 = Release|Win32
		{F64C5376-1152-4445-A325-C4C1FF3263FE}.Re|Mixed Platforms.ActiveCfg = Release|Win32
		{F64C5376-1152-4445-A325-C4C1FF3263FE}.Re|Mixed Platforms.Build.0 = Release|Win32
		{F64C5376-1152-4445-A325-C4C1FF3263FE}.Re|Win32.ActiveCfg = Release|Win32
		{F64C5376-1152-4445-A325-C4C1FF3263FE}.Re|Win32.Build.0 = Release|Win32
		{F64C5376-1152-4445-A325-C4C1FF3263FE}.Re|x64.ActiveCfg = Release|Win32
		{F64C5376-1152-4445-A325-C4C1FF3263FE}.Re|x86.ActiveCfg = Release|Win32
		{F64C5376-1152-4445-A325-C4C1FF3263FE}.Re|x86.Build.0 = Release|Win32
		{F64C5376-1152-4445-A325-C4C1FF3263FE}.Release|Mixed Platforms.ActiveCfg = Release|Win32
		{F64C5376-1152-4445-A325-C4C1FF3263FE}.Release|Mixed Platforms.Build.0 = Release|Win32
		{F64C5376-1152-4445-A325-C4C1FF3263FE}.Release|Win32.ActiveCfg = Release|Win32
		{F64C5376-1152-4445-A325-C4C1FF3263FE}.Release|Win32.Build.0 = Release|Win32
		{F64C5376-1152-4445-A325-C4C1FF3263FE}.Release|x64.ActiveCfg = Release|x64
		{F64C5376-1152-4445-A325-C4C1FF3263FE}.Release|x86.ActiveCfg = Release|Win32
		{F64C5376-1152-4445-A325-C4C1FF3263FE}.Release|x86.Build.0 = Release|Win32
		{F64C5376-1152-4445-A325-C4C1FF3263FE}.RelWithDebInfo|Mixed Platforms.ActiveCfg = Release|Win32
		{F64C5376-1152-4445-A325-C4C1FF3263FE}.RelWithDebInfo|Mixed Platforms.Build.0 = Release|Win32
		{F64C5376-1152-4445-A325-C4C1FF3263FE}.RelWithDebInfo|Win32.ActiveCfg = Release|Win32
		{F64C5376-1152-4445-A325-C4C1FF3263FE}.RelWithDebInfo|Win32.Build.0 = Release|Win32
		{F64C5376-1152-4445-A325-C4C1FF3263FE}.RelWithDebInfo|x64.ActiveCfg = Release|Win32
		{F64C5376-1152-4445-A325-C4C1FF3263FE}.RelWithDebInfo|x86.ActiveCfg = Release|Win32
		{F64C5376-1152-4445-A325-C4C1FF3263FE}.RelWithDebInfo|x86.Build.0 = Release|Win32
		{BE5BAA27-230F-4916-BE01-C8D51F207927}.Debug|Mixed Platforms.ActiveCfg = Debug|Win32
		{BE5BAA27-230F-4916-BE01-C8D51F207927}.Debug|Mixed Platforms.Build.0 = Debug|Win32
		{BE5BAA27-230F-4916-BE01-C8D51F207927}.Debug|Win32.ActiveCfg = Debug|Win32
		{BE5BAA27-230F-4916-BE01-C8D51F207927}.Debug|Win32.Build.0 = Debug|Win32
		{BE5BAA27-230F-4916-BE01-C8D51F207927}.Debug|x64.ActiveCfg = Debug|x64
		{BE5BAA27-230F-4916-BE01-C8D51F207927}.Debug|x86.ActiveCfg = Debug|Win32
		{BE5BAA27-230F-4916-BE01-C8D51F207927}.Debug|x86.Build.0 = Debug|Win32
		{BE5BAA27-230F-4916-BE01-C8D51F207927}.MinSizeRel|Mixed Platforms.ActiveCfg = Release|Win32
		{BE5BAA27-230F-4916-BE01-C8D51F207927}.MinSizeRel|Mixed Platforms.Build.0 = Release|Win32
		{BE5BAA27-230F-4916-BE01-C8D51F207927}.MinSizeRel|Win32.ActiveCfg = Release|Win32
		{BE5BAA27-230F-4916-BE01-C8D51F207927}.MinSizeRel|Win32.Build.0 = Release|Win32
		{BE5BAA27-230F-4916-BE01-C8D51F207927}.MinSizeRel|x64.ActiveCfg = Release|Win32
		{BE5BAA27-230F-4916-BE01-C8D51F207927}.MinSizeRel|x86.ActiveCfg = Release|Win32
		{BE5BAA27-230F-4916-BE01-C8D51F207927}.MinSizeRel|x86.Build.0 = Release|Win32
		{BE5BAA27-230F-4916-BE01-C8D51F207927}.Re|Mixed Platforms.ActiveCfg = Release|Win32
		{BE5BAA27-230F-4916-BE01-C8D51F207927}.Re|Mixed Platforms.Build.0 = Release|Win32
		{BE5BAA27-230F-4916-BE01-C8D51F207927}.Re|Win32.ActiveCfg = Release|Win32
		{BE5BAA27-230F-4916-BE01-C8D51F207927}.Re|Win32.Build.0 = Release|Win32
		{BE5BAA27-230F-4916-BE01-C8D51F207927}.Re|x64.ActiveCfg = Release|Win32
		{BE5BAA27-230F-4916-BE01-C8D51F207927}.Re|x86.ActiveCfg = Release|Win32
		{BE5BAA27-230F-4916-BE01-C8D51F207927}.Re|x86.Build.0 = Release|Win32
		{BE5BAA27-230F-4916-BE01-C8D51F207927}.Release|Mixed Platforms.ActiveCfg = Release|Win32
		{BE5BAA27-230F-4916-BE01-C8D51F207927}.Release|Mixed Platforms.Build.0 = Release|Win32
		{BE5BAA27-230F-4916-BE01-C8D51F207927}.Release|Win32.ActiveCfg = Release|Win32
		{BE5BAA27-230F-4916-BE01-C8D51F207927}.Release|Win32.Build.0 = Release|Win32
		{BE5BAA27-230F-4916-BE01-C8D51F207927}.Release|x64.ActiveCfg = Release|x64
		{BE5BAA27-230F-4916-BE01-C8D51F207927}.Release|x86.ActiveCfg = Release|Win32
		{BE5BAA27-230F-4916-BE01-C8D51F207927}.Release|x86.Build.0 = Release|Win32
		{BE5BAA27-230F-4916-BE01-C8D51F207927}.RelWithDebInfo|Mixed Platforms.ActiveCfg = Release|Win32
		{BE5BAA27-230F-4916-BE01-C8D51F207927}.RelWithDebInfo|Mixed Platforms.Build.0 = Release|Win32
		{BE5BAA27-230F-4916-BE01-C8D51F207927}.RelWithDebInfo|Win32.ActiveCfg = Release|Win32
		{BE5BAA27-230F-4916-BE01-C8D51F207927}.RelWithDebInfo|Win32.Build.0 = Release|Win32
		{BE5BAA27-230F-4916-BE01-C8D51F207927}.RelWithDebInfo|x64.ActiveCfg = Release|Win32
		{BE5BAA27-230F-4916-BE01-C8D51F207927}.RelWithDebInfo|x86.ActiveCfg = Release|Win32
		{BE5BAA27-230F-4916-BE01-C8D51F207927}.RelWithDebInfo|x86.Build.0 = Release|Win32
		{2E7D5144-2822-4EB0-9F38-1A3750802344}.Debug|Mixed Platforms.ActiveCfg = Debug|x64
		{2E7D5144-2822-4EB0-9F38-1A3750802344}.Debug|Mixed Platforms.Build.0 = Debug|x64
		{2E7D5144-2822-4EB0-9F38-1A3750802344}.Debug|Win32.ActiveCfg = Debug|Win32
		{2E7D5144-2822-4EB0-9F38-1A3750802344}.Debug|Win32.Build.0 = Debug|Win32
		{2E7D5144-2822-4EB0-9F38-1A3750802344}.Debug|x64.ActiveCfg = Debug|x64
		{2E7D5144-2822-4EB0-9F38-1A3750802344}.Debug|x64.Build.0 = Debug|x64
		{2E7D5144-2822-4EB0-9F38-1A3750802344}.Debug|x86.ActiveCfg = Debug|Win32
		{2E7D5144-2822-4EB0-9F38-1A3750802344}.Debug|x86.Build.0 = Debug|Win32
		{2E7D5144-2822-4EB0-9F38-1A3750802344}.MinSizeRel|Mixed Platforms.ActiveCfg = Debug|x64
		{2E7D5144-2822-4EB0-9F38-1A3750802344}.MinSizeRel|Mixed Platforms.Build.0 = Debug|x64
		{2E7D5144-2822-4EB0-9F38-1A3750802344}.MinSizeRel|Win32.ActiveCfg = Debug|Win32
		{2E7D5144-2822-4EB0-9F38-1A3750802344}.MinSizeRel|Win32.Build.0 = Debug|Win32
		{2E7D5144-2822-4EB0-9F38-1A3750802344}.MinSizeRel|x64.ActiveCfg = Debug|x64
		{2E7D5144-2822-4EB0-9F38-1A3750802344}.MinSizeRel|x64.Build.0 = Debug|x64
		{2E7D5144-2822-4EB0-9F38-1A3750802344}.MinSizeRel|x86.ActiveCfg = Debug|Win32
		{2E7D5144-2822-4EB0-9F38-1A3750802344}.MinSizeRel|x86.Build.0 = Debug|Win32
		{2E7D5144-2822-4EB0-9F38-1A3750802344}.Re|Mixed Platforms.ActiveCfg = Release|x64
		{2E7D5144-2822-4EB0-9F38-1A3750802344}.Re|Mixed Platforms.Build.0 = Release|x64
		{2E7D5144-2822-4EB0-9F38-1A3750802344}.Re|Win32.ActiveCfg = Release|Win32
		{2E7D5144-2822-4EB0-9F38-1A3750802344}.Re|Win32.Build.0 = Release|Win32
		{2E7D5144-2822-4EB0-9F38-1A3750802344}.Re|x64.ActiveCfg = Release|x64
		{2E7D5144-2822-4EB0-9F38-1A3750802344}.Re|x64.Build.0 = Release|x64
		{2E7D5144-2822-4EB0-9F38-1A3750802344}.Re|x86.ActiveCfg = Release|Win32
		{2E7D5144-2822-4EB0-9F38-1A3750802344}.Re|x86.Build.0 = Release|Win32
		{2E7D5144-2822-4EB0-9F38-1A3750802344}.Release|Mixed Platforms.ActiveCfg = Release|x64
		{2E7D5144-2822-4EB0-9F38-1A3750802344}.Release|Mixed Platforms.Build.0 = Release|x64
		{2E7D5144-2822-4EB0-9F38-1A3750802344}.Release|Win32.ActiveCfg = Release|Win32
		{2E7D5144-2822-4EB0-9F38-1A3750802344}.Release|Win32.Build.0 = Release|Win32
		{2E7D5144-2822-4EB0-9F38-1A3750802344}.Release|x64.ActiveCfg = Release|x64
		{2E7D5144-2822-4EB0-9F38-1A3750802344}.Release|x64.Build.0 = Release|x64
		{2E7D5144-2822-4EB0-9F38-1A3750802344}.Release|x86.ActiveCfg = Release|Win32
		{2E7D5144-2822-4EB0-9F38-1A3750802344}.Release|x86.Build.0 = Release|Win32
		{2E7D5144-2822-4EB0-9F38-1A3750802344}.RelWithDebInfo|Mixed Platforms.ActiveCfg = Release|x64
		{2E7D5144-2822-4EB0-9F38-1A3750802344}.RelWithDebInfo|Mixed Platforms.Build.0 = Release|x64
		{2E7D5144-2822-4EB0-9F38-1A3750802344}.RelWithDebInfo|Win32.ActiveCfg = Release|Win32
		{2E7D5144-2822-4EB0-9F38-1A3750802344}.RelWithDebInfo|Win32.Build.0 = Release|Win32
		{2E7D5144-2822-4EB0-9F38-1A3750802344}.RelWithDebInfo|x64.ActiveCfg = Release|x64
		{2E7D5144-2822-4EB0-9F38-1A3750802344}.RelWithDebInfo|x64.Build.0 = Release|x64
		{2E7D5144-2822-4EB0-9F38-1A3750802344}.RelWithDebInfo|x86.ActiveCfg = Release|Win32
		{2E7D5144-2822-4EB0-9F38-1A3750802344}.RelWithDebInfo|x86.Build.0 = Release|Win32
		{EC94330D-D137-4AB6-9484-DD93C77F9EDB}.Debug|Mixed Platforms.ActiveCfg = Debug|x64
		{EC94330D-D137-4AB6-9484-DD93C77F9EDB}.Debug|Mixed Platforms.Build.0 = Debug|x64
		{EC94330D-D137-4AB6-9484-DD93C77F9EDB}.Debug|Win32.ActiveCfg = Debug|Win32
		{EC94330D-D137-4AB6-9484-DD93C77F9EDB}.Debug|Win32.Build.0 = Debug|Win32
		{EC94330D-D137-4AB6-9484-DD93C77F9EDB}.Debug|x64.ActiveCfg = Debug|x64
		{EC94330D-D137-4AB6-9484-DD93C77F9EDB}.Debug|x64.Build.0 = Debug|x64
		{EC94330D-D137-4AB6-9484-DD93C77F9EDB}.Debug|x86.ActiveCfg = Debug|Win32
		{EC94330D-D137-4AB6-9484-DD93C77F9EDB}.Debug|x86.Build.0 = Debug|Win32
		{EC94330D-D137-4AB6-9484-DD93C77F9EDB}.MinSizeRel|Mixed Platforms.ActiveCfg = Debug|x64
		{EC94330D-D137-4AB6-9484-DD93C77F9EDB}.MinSizeRel|Mixed Platforms.Build.0 = Debug|x64
		{EC94330D-D137-4AB6-9484-DD93C77F9EDB}.MinSizeRel|Win32.ActiveCfg = Debug|Win32
		{EC94330D-D137-4AB6-9484-DD93C77F9EDB}.MinSizeRel|Win32.Build.0 = Debug|Win32
		{EC94330D-D137-4AB6-9484-DD93C77F9EDB}.MinSizeRel|x64.ActiveCfg = Debug|x64
		{EC94330D-D137-4AB6-9484-DD93C77F9EDB}.MinSizeRel|x64.Build.0 = Debug|x64
		{EC94330D-D137-4AB6-9484-DD93C77F9EDB}.MinSizeRel|x86.ActiveCfg = Debug|Win32
		{EC94330D-D137-4AB6-9484-DD93C77F9EDB}.MinSizeRel|x86.Build.0 = Debug|Win32
		{EC94330D-D137-4AB6-9484-DD93C77F9EDB}.Re|Mixed Platforms.ActiveCfg = Release|x64
		{EC94330D-D137-4AB6-9484-DD93C77F9EDB}.Re|Mixed Platforms.Build.0 = Release|x64
		{EC94330D-D137-4AB6-9484-DD93C77F9EDB}.Re|Win32.ActiveCfg = Release|Win32
		{EC94330D-D137-4AB6-9484-DD93C77F9EDB}.Re|Win32.Build.0 = Release|Win32
		{EC94330D-D137-4AB6-9484-DD93C77F9EDB}.Re|x64.ActiveCfg = Release|x64
		{EC94330D-D137-4AB6-9484-DD93C77F9EDB}.Re|x64.Build.0 = Release|x64
		{EC94330D-D137-4AB6-9484-DD93C77F9EDB}.Re|x86.ActiveCfg = Release|Win32
		{EC94330D-D137-4AB6-9484-DD93C77F9EDB}.Re|x86.Build.0 = Release|Win32
		{EC94330D-D137-4AB6-9484-DD93C77F9EDB}.Release|Mixed Platforms.ActiveCfg = Release|x64
		{EC94330D-D137-4AB6-9484-DD93C77F9EDB}.Release|Mixed Platforms.Build.0 = Release|x64
		{EC94330D-D137-4AB6-9484-DD93C77F9EDB}.Release|Win32.ActiveCfg = Release|Win32
		{EC94330D-D137-4AB6-9484-DD93C77F9EDB}.Release|Win32.Build.0 = Release|Win32
		{EC94330D-D137-4AB6-9484-DD93C77F9EDB}.Release|x64.ActiveCfg = Release|x64
		{EC94330D-D137-4AB6-9484-DD93C77F9EDB}.Release|x64.Build.0 = Release|x64
		{EC94330D-D137-4AB6-9484-DD93C77F9EDB}.Release|x86.ActiveCfg = Release|Win32
		{EC94330D-D137-4AB6-9484-DD93C77F9EDB}.Release|x86.Build.0 = Release|Win32
		{EC94330D-D137-4AB6-9484-DD93C77F9EDB}.RelWithDebInfo|Mixed Platforms.ActiveCfg = Release|x64
		{EC94330D-D137-4AB6-9484-DD93C77F9EDB}.RelWithDebInfo|Mixed Platforms.Build.0 = Release|x64
		{EC94330D-D137-4AB6-9484-DD93C77F9EDB}.RelWithDebInfo|Win32.ActiveCfg = Release|Win32
		{EC94330D-D137-4AB6-9484-DD93C77F9EDB}.RelWithDebInfo|Win32.Build.0 = Release|Win32
		{EC94330D-D137-4AB6-9484-DD93C77F9EDB}.RelWithDebInfo|x64.ActiveCfg = Release|x64
		{EC94330D-D137-4AB6-9484-DD93C77F9EDB}.RelWithDebInfo|x64.Build.0 = Release|x64
		{EC94330D-D137-4AB6-9484-DD93C77F9EDB}.RelWithDebInfo|x86.ActiveCfg = Release|Win32
		{EC94330D-D137-4AB6-9484-DD93C77F9EDB}.RelWithDebInfo|x86.Build.0 = Release|Win32
		{105F584A-05CD-481E-B85C-33B0E7C00BE8}.Debug|Mixed Platforms.ActiveCfg = Debug|x64
		{105F584A-05CD-481E-B85C-33B0E7C00BE8}.Debug|Mixed Platforms.Build.0 = Debug|x64
		{105F584A-05CD-481E-B85C-33B0E7C00BE8}.Debug|Win32.ActiveCfg = Debug|Win32
		{105F584A-05CD-481E-B85C-33B0E7C00BE8}.Debug|Win32.Build.0 = Debug|Win32
		{105F584A-05CD-481E-B85C-33B0E7C00BE8}.Debug|x64.ActiveCfg = Debug|x64
		{105F584A-05CD-481E-B85C-33B0E7C00BE8}.Debug|x64.Build.0 = Debug|x64
		{105F584A-05CD-481E-B85C-33B0E7C00BE8}.Debug|x86.ActiveCfg = Debug|Win32
		{105F584A-05CD-481E-B85C-33B0E7C00BE8}.Debug|x86.Build.0 = Debug|Win32
		{105F584A-05CD-481E-B85C-33B0E7C00BE8}.MinSizeRel|Mixed Platforms.ActiveCfg = Debug|x64
		{105F584A-05CD-481E-B85C-33B0E7C00BE8}.MinSizeRel|Mixed Platforms.Build.0 = Debug|x64
		{105F584A-05CD-481E-B85C-33B0E7C00BE8}.MinSizeRel|Win32.ActiveCfg = Debug|Win32
		{105F584A-05CD-481E-B85C-33B0E7C00BE8}.MinSizeRel|Win32.Build.0 = Debug|Win32
		{105F584A-05CD-481E-B85C-33B0E7C00BE8}.MinSizeRel|x64.ActiveCfg = Debug|x64
		{105F584A-05CD-481E-B85C-33B0E7C00BE8}.MinSizeRel|x64.Build.0 = Debug|x64
		{105F584A-05CD-481E-B85C-33B0E7C00BE8}.MinSizeRel|x86.ActiveCfg = Debug|Win32
		{105F584A-05CD-481E-B85C-33B0E7C00BE8}.MinSizeRel|x86.Build.0 = Debug|Win32
		{105F584A-05CD-481E-B85C-33B0E7C00BE8}.Re|Mixed Platforms.ActiveCfg = Release|x64
		{105F584A-05CD-481E-B85C-33B0E7C00BE8}.Re|Mixed Platforms.Build.0 = Release|x64
		{105F584A-05CD-481E-B85C-33B0E7C00BE8}.Re|Win32.ActiveCfg = Release|Win32
		{105F584A-05CD-481E-B85C-33B0E7C00BE8}.Re|Win32.Build.0 = Release|Win32
		{105F584A-05CD-481E-B85C-33B0E7C00BE8}.Re|x64.ActiveCfg = Release|x64
		{105F584A-05CD-481E-B85C-33B0E7C00BE8}.Re|x64.Build.0 = Release|x64
		{105F584A-05CD-481E-B85C-33B0E7C00BE8}.Re|x86.ActiveCfg = Release|Win32
		{105F584A-05CD-481E-B85C-33B0E7C00BE8}.Re|x86.Build.0 = Release|Win32
		{105F584A-05CD-481E-B85C-33B0E7C00BE8}.Release|Mixed Platforms.ActiveCfg = Release|x64
		{105F584A-05CD-481E-B85C-33B0E7C00BE8}.Release|Mixed Platforms.Build.0 = Release|x64
		{105F584A-05CD-481E-B85C-33B0E7C00BE8}.Release|Win32.ActiveCfg = Release|Win32
		{105F584A-05CD-481E-B85C-33B0E7C00BE8}.Release|Win32.Build.0 = Release|Win32
		{105F584A-05CD-481E-B85C-33B0E7C00BE8}.Release|x64.ActiveCfg = Release|x64
		{105F584A-05CD-481E-B85C-33B0E7C00BE8}.Release|x64.Build.0 = Release|x64
		{105F584A-05CD-481E-B85C-33B0E7C00BE8}.Release|x86.ActiveCfg = Release|Win32
		{105F584A-05CD-481E-B85C-33B0E7C00BE8}.Release|x86.Build.0 = Release|Win32
		{105F584A-05CD-481E-B85C-33B0E7C00BE8}.RelWithDebInfo|Mixed Platforms.ActiveCfg = Release|x64
		{105F584A-05CD-481E-B85C-33B0E7C00BE8}.RelWithDebInfo|Mixed Platforms.Build.0 = Release|x64
		{105F584A-05CD-481E-B85C-33B0E7C00BE8}.RelWithDebInfo|Win32.ActiveCfg = Release|Win32
		{105F584A-05CD-481E-B85C-33B0E7C00BE8}.RelWithDebInfo|Win32.Build.0 = Release|Win32
		{105F584A-05CD-481E-B85C-33B0E7C00BE8}.RelWithDebInfo|x64.ActiveCfg = Release|x64
		{105F584A-05CD-481E-B85C-33B0E7C00BE8}.RelWithDebInfo|x64.Build.0 = Release|x64
		{105F584A-05CD-481E-B85C-33B0E7C00BE8}.RelWithDebInfo|x86.ActiveCfg = Release|Win32
		{105F584A-05CD-481E-B85C-33B0E7C00BE8}.RelWithDebInfo|x86.Build.0 = Release|Win32
		{EE186765-8B2E-4259-A8F3-0E7A84AF4A4A}.Debug|Mixed Platforms.ActiveCfg = Debug|x64
		{EE186765-8B2E-4259-A8F3-0E7A84AF4A4A}.Debug|Mixed Platforms.Build.0 = Debug|x64
		{EE186765-8B2E-4259-A8F3-0E7A84AF4A4A}.Debug|Win32.ActiveCfg = Debug|Win32
		{EE186765-8B2E-4259-A8F3-0E7A84AF4A4A}.Debug|Win32.Build.0 = Debug|Win32
		{EE186765-8B2E-4259-A8F3-0E7A84AF4A4A}.Debug|x64.ActiveCfg = Debug|x64
		{EE186765-8B2E-4259-A8F3-0E7A84AF4A4A}.Debug|x64.Build.0 = Debug|x64
		{EE186765-8B2E-4259-A8F3-0E7A84AF4A4A}.Debug|x86.ActiveCfg = Debug|Win32
		{EE186765-8B2E-4259-A8F3-0E7A84AF4A4A}.Debug|x86.Build.0 = Debug|Win32
		{EE186765-8B2E-4259-A8F3-0E7A84AF4A4A}.MinSizeRel|Mixed Platforms.ActiveCfg = Debug|x64
		{EE186765-8B2E-4259-A8F3-0E7A84AF4A4A}.MinSizeRel|Mixed Platforms.Build.0 = Debug|x64
		{EE186765-8B2E-4259-A8F3-0E7A84AF4A4A}.MinSizeRel|Win32.ActiveCfg = Debug|Win32
		{EE186765-8B2E-4259-A8F3-0E7A84AF4A4A}.MinSizeRel|Win32.Build.0 = Debug|Win32
		{EE186765-8B2E-4259-A8F3-0E7A84AF4A4A}.MinSizeRel|x64.ActiveCfg = Debug|x64
		{EE186765-8B2E-4259-A8F3-0E7A84AF4A4A}.MinSizeRel|x64.Build.0 = Debug|x64
		{EE186765-8B2E-4259-A8F3-0E7A84AF4A4A}.MinSizeRel|x86.ActiveCfg = Debug|Win32
		{EE186765-8B2E-4259-A8F3-0E7A84AF4A4A}.MinSizeRel|x86.Build.0 = Debug|Win32
		{EE186765-8B2E-4259-A8F3-0E7A84AF4A4A}.Re|Mixed Platforms.ActiveCfg = Release|x64
		{EE186765-8B2E-4259-A8F3-0E7A84AF4A4A}.Re|Mixed Platforms.Build.0 = Release|x64
		{EE186765-8B2E-4259-A8F3-0E7A84AF4A4A}.Re|Win32.ActiveCfg = Release|Win32
		{EE186765-8B2E-4259-A8F3-0E7A84AF4A4A}.Re|Win32.Build.0 = Release|Win32
		{EE186765-8B2E-4259-A8F3-0E7A84AF4A4A}.Re|x64.ActiveCfg = Release|x64
		{EE186765-8B2E-4259-A8F3-0E7A84AF4A4A}.Re|x64.Build.0 = Release|x64
		{EE186765-8B2E-4259-A8F3-0E7A84AF4A4A}.Re|x86.ActiveCfg = Release|Win32
		{EE186765-8B2E-4259-A8F3-0E7A84AF4A4A}.Re|x86.Build.0 = Release|Win32
		{EE186765-8B2E-4259-A8F3-0E7A84AF4A4A}.Release|Mixed Platforms.ActiveCfg = Release|x64
		{EE186765-8B2E-4259-A8F3-0E7A84AF4A4A}.Release|Mixed Platforms.Build.0 = Release|x64
		{EE186765-8B2E-4259-A8F3-0E7A84AF4A4A}.Release|Win32.ActiveCfg = Release|Win32
		{EE186765-8B2E-4259-A8F3-0E7A84AF4A4A}.Release|Win32.Build.0 = Release|Win32
		{EE186765-8B2E-4259-A8F3-0E7A84AF4A4A}.Release|x64.ActiveCfg = Release|x64
		{EE186765-8B2E-4259-A8F3-0E7A84AF4A4A}.Release|x64.Build.0 = Release|x64
		{EE186765-8B2E-4259-A8F3-0E7A84AF4A4A}.Release|x86.ActiveCfg = Release|Win32
		{EE186765-8B2E-4259-A8F3-0E7A84AF4A4A}.Release|x86.Build.0 = Release|Win32
		{EE186765-8B2E-4259-A8F3-0E7A84AF4A4A}.RelWithDebInfo|Mixed Platforms.ActiveCfg = Release|x64
		{EE186765-8B2E-4259-A8F3-0E7A84AF4A4A}.RelWithDebInfo|Mixed Platforms.Build.0 = Release|x64
		{EE186765-8B2E-4259-A8F3-0E7A84AF4A4A}.RelWithDebInfo|Win32.ActiveCfg = Release|Win32
		{EE186765-8B2E-4259-A8F3-0E7A84AF4A4A}.RelWithDebInfo|Win32.Build.0 = Release|Win32
		{EE186765-8B2E-4259-A8F3-0E7A84AF4A4A}.RelWithDebInfo|x64.ActiveCfg = Release|x64
		{EE186765-8B2E-4259-A8F3-0E7A84AF4A4A}.RelWithDebInfo|x64.Build.0 = Release|x64
		{EE186765-8B2E-4259-A8F3-0E7A84AF4A4A}.RelWithDebInfo|x86.ActiveCfg = Release|Win32
		{EE186765-8B2E-4259-A8F3-0E7A84AF4A4A}.RelWithDebInfo|x86.Build.0 = Release|Win32
	EndGlobalSection
	GlobalSection(SolutionProperties) = preSolution
		HideSolutionNode = FALSE
	EndGlobalSection
	GlobalSection(ExtensibilityGlobals) = postSolution
		BuildVersion_UseGlobalSettings = True
		BuildVersion_StartDate = 2000/1/1
		BuildVersion_BuildVersioningStyle = YearStamp.MonthStamp.DayStamp.Increment
		SolutionGuid = {7EAC45B3-3731-465F-B1F3-BA1A5073FEC3}
	EndGlobalSection
EndGlobal
